// !$*UTF8*$!
{
	archiveVersion = 1;
	classes = {
	};
	objectVersion = 56;
	objects = {

/* Begin PBXBuildFile section */
		009AA62D28EFC1E3007BD56B /* Bindable.swift in Sources */ = {isa = PBXBuildFile; fileRef = 009AA62C28EFC1E3007BD56B /* Bindable.swift */; };
		009AA62F28EFC20F007BD56B /* ServiceManager.swift in Sources */ = {isa = PBXBuildFile; fileRef = 009AA62E28EFC20F007BD56B /* ServiceManager.swift */; };
		009AA63328EFC351007BD56B /* ProductStoreViewModel.swift in Sources */ = {isa = PBXBuildFile; fileRef = 009AA63228EFC351007BD56B /* ProductStoreViewModel.swift */; };
		00EC889F28EF9A6B005AC9E7 /* AppDelegate.swift in Sources */ = {isa = PBXBuildFile; fileRef = 00EC889E28EF9A6B005AC9E7 /* AppDelegate.swift */; };
		00EC88A128EF9A6B005AC9E7 /* SceneDelegate.swift in Sources */ = {isa = PBXBuildFile; fileRef = 00EC88A028EF9A6B005AC9E7 /* SceneDelegate.swift */; };
		00EC88A328EF9A6B005AC9E7 /* ViewController.swift in Sources */ = {isa = PBXBuildFile; fileRef = 00EC88A228EF9A6B005AC9E7 /* ViewController.swift */; };
		00EC88A628EF9A6B005AC9E7 /* Main.storyboard in Resources */ = {isa = PBXBuildFile; fileRef = 00EC88A428EF9A6B005AC9E7 /* Main.storyboard */; };
		00EC88A828EF9A6C005AC9E7 /* Assets.xcassets in Resources */ = {isa = PBXBuildFile; fileRef = 00EC88A728EF9A6C005AC9E7 /* Assets.xcassets */; };
		00EC88AB28EF9A6C005AC9E7 /* LaunchScreen.storyboard in Resources */ = {isa = PBXBuildFile; fileRef = 00EC88A928EF9A6C005AC9E7 /* LaunchScreen.storyboard */; };
		00EC88B928EF9BBF005AC9E7 /* ProductStoreModel.swift in Sources */ = {isa = PBXBuildFile; fileRef = 00EC88B828EF9BBF005AC9E7 /* ProductStoreModel.swift */; };
		00EC88BC28EFA724005AC9E7 /* ProductTableViewCell.swift in Sources */ = {isa = PBXBuildFile; fileRef = 00EC88BA28EFA724005AC9E7 /* ProductTableViewCell.swift */; };
		00EC88BD28EFA724005AC9E7 /* ProductTableViewCell.xib in Resources */ = {isa = PBXBuildFile; fileRef = 00EC88BB28EFA724005AC9E7 /* ProductTableViewCell.xib */; };
/* End PBXBuildFile section */

/* Begin PBXFileReference section */
		009AA62C28EFC1E3007BD56B /* Bindable.swift */ = {isa = PBXFileReference; lastKnownFileType = sourcecode.swift; path = Bindable.swift; sourceTree = "<group>"; };
		009AA62E28EFC20F007BD56B /* ServiceManager.swift */ = {isa = PBXFileReference; lastKnownFileType = sourcecode.swift; path = ServiceManager.swift; sourceTree = "<group>"; };
		009AA63228EFC351007BD56B /* ProductStoreViewModel.swift */ = {isa = PBXFileReference; lastKnownFileType = sourcecode.swift; path = ProductStoreViewModel.swift; sourceTree = "<group>"; };
		00EC889B28EF9A6B005AC9E7 /* productStore.app */ = {isa = PBXFileReference; explicitFileType = wrapper.application; includeInIndex = 0; path = productStore.app; sourceTree = BUILT_PRODUCTS_DIR; };
		00EC889E28EF9A6B005AC9E7 /* AppDelegate.swift */ = {isa = PBXFileReference; lastKnownFileType = sourcecode.swift; path = AppDelegate.swift; sourceTree = "<group>"; };
		00EC88A028EF9A6B005AC9E7 /* SceneDelegate.swift */ = {isa = PBXFileReference; lastKnownFileType = sourcecode.swift; path = SceneDelegate.swift; sourceTree = "<group>"; };
		00EC88A228EF9A6B005AC9E7 /* ViewController.swift */ = {isa = PBXFileReference; lastKnownFileType = sourcecode.swift; path = ViewController.swift; sourceTree = "<group>"; };
		00EC88A528EF9A6B005AC9E7 /* Base */ = {isa = PBXFileReference; lastKnownFileType = file.storyboard; name = Base; path = Base.lproj/Main.storyboard; sourceTree = "<group>"; };
		00EC88A728EF9A6C005AC9E7 /* Assets.xcassets */ = {isa = PBXFileReference; lastKnownFileType = folder.assetcatalog; path = Assets.xcassets; sourceTree = "<group>"; };
		00EC88AA28EF9A6C005AC9E7 /* Base */ = {isa = PBXFileReference; lastKnownFileType = file.storyboard; name = Base; path = Base.lproj/LaunchScreen.storyboard; sourceTree = "<group>"; };
		00EC88AC28EF9A6C005AC9E7 /* Info.plist */ = {isa = PBXFileReference; lastKnownFileType = text.plist.xml; path = Info.plist; sourceTree = "<group>"; };
		00EC88B828EF9BBF005AC9E7 /* ProductStoreModel.swift */ = {isa = PBXFileReference; lastKnownFileType = sourcecode.swift; path = ProductStoreModel.swift; sourceTree = "<group>"; };
		00EC88BA28EFA724005AC9E7 /* ProductTableViewCell.swift */ = {isa = PBXFileReference; lastKnownFileType = sourcecode.swift; path = ProductTableViewCell.swift; sourceTree = "<group>"; };
		00EC88BB28EFA724005AC9E7 /* ProductTableViewCell.xib */ = {isa = PBXFileReference; lastKnownFileType = file.xib; path = ProductTableViewCell.xib; sourceTree = "<group>"; };
/* End PBXFileReference section */

/* Begin PBXFrameworksBuildPhase section */
		00EC889828EF9A6B005AC9E7 /* Frameworks */ = {
			isa = PBXFrameworksBuildPhase;
			buildActionMask = 2147483647;
			files = (
			);
			runOnlyForDeploymentPostprocessing = 0;
		};
/* End PBXFrameworksBuildPhase section */

/* Begin PBXGroup section */
		00EC889228EF9A6B005AC9E7 = {
			isa = PBXGroup;
			children = (
				00EC889D28EF9A6B005AC9E7 /* productStore */,
				00EC889C28EF9A6B005AC9E7 /* Products */,
			);
			sourceTree = "<group>";
		};
		00EC889C28EF9A6B005AC9E7 /* Products */ = {
			isa = PBXGroup;
			children = (
				00EC889B28EF9A6B005AC9E7 /* productStore.app */,
			);
			name = Products;
			sourceTree = "<group>";
		};
		00EC889D28EF9A6B005AC9E7 /* productStore */ = {
			isa = PBXGroup;
			children = (
				70F9798C28F11B3D004D488D /* ProductStoreModule */,
				70F9798A28F11AFC004D488D /* Helpers */,
				00EC88B328EF9B14005AC9E7 /* ServiceManager */,
				00EC889E28EF9A6B005AC9E7 /* AppDelegate.swift */,
				00EC88A028EF9A6B005AC9E7 /* SceneDelegate.swift */,
				00EC88A228EF9A6B005AC9E7 /* ViewController.swift */,
				00EC88A728EF9A6C005AC9E7 /* Assets.xcassets */,
				00EC88A928EF9A6C005AC9E7 /* LaunchScreen.storyboard */,
				00EC88AC28EF9A6C005AC9E7 /* Info.plist */,
			);
			path = productStore;
			sourceTree = "<group>";
		};
		00EC88B328EF9B14005AC9E7 /* ServiceManager */ = {
			isa = PBXGroup;
			children = (
				009AA62E28EFC20F007BD56B /* ServiceManager.swift */,
			);
			path = ServiceManager;
			sourceTree = "<group>";
		};
		00EC88B528EF9B48005AC9E7 /* Model */ = {
			isa = PBXGroup;
			children = (
				00EC88B828EF9BBF005AC9E7 /* ProductStoreModel.swift */,
			);
			path = Model;
			sourceTree = "<group>";
		};
		70F9798A28F11AFC004D488D /* Helpers */ = {
			isa = PBXGroup;
			children = (
				009AA62C28EFC1E3007BD56B /* Bindable.swift */,
			);
			path = Helpers;
			sourceTree = "<group>";
		};
		70F9798C28F11B3D004D488D /* ProductStoreModule */ = {
			isa = PBXGroup;
			children = (
				70F9798E28F11B6E004D488D /* ViewModel */,
				70F9798D28F11B5D004D488D /* View */,
				00EC88B528EF9B48005AC9E7 /* Model */,
			);
			path = ProductStoreModule;
			sourceTree = "<group>";
		};
		70F9798D28F11B5D004D488D /* View */ = {
			isa = PBXGroup;
			children = (
				00EC88A428EF9A6B005AC9E7 /* Main.storyboard */,
				00EC88BB28EFA724005AC9E7 /* ProductTableViewCell.xib */,
			);
			path = View;
			sourceTree = "<group>";
		};
		70F9798E28F11B6E004D488D /* ViewModel */ = {
			isa = PBXGroup;
			children = (
				00EC88BA28EFA724005AC9E7 /* ProductTableViewCell.swift */,
				009AA63228EFC351007BD56B /* ProductStoreViewModel.swift */,
			);
			path = ViewModel;
			sourceTree = "<group>";
		};
/* End PBXGroup section */

/* Begin PBXNativeTarget section */
		00EC889A28EF9A6B005AC9E7 /* productStore */ = {
			isa = PBXNativeTarget;
			buildConfigurationList = 00EC88AF28EF9A6C005AC9E7 /* Build configuration list for PBXNativeTarget "productStore" */;
			buildPhases = (
				00EC889728EF9A6B005AC9E7 /* Sources */,
				00EC889828EF9A6B005AC9E7 /* Frameworks */,
				00EC889928EF9A6B005AC9E7 /* Resources */,
			);
			buildRules = (
			);
			dependencies = (
			);
			name = productStore;
			productName = productStore;
			productReference = 00EC889B28EF9A6B005AC9E7 /* productStore.app */;
			productType = "com.apple.product-type.application";
		};
/* End PBXNativeTarget section */

/* Begin PBXProject section */
		00EC889328EF9A6B005AC9E7 /* Project object */ = {
			isa = PBXProject;
			attributes = {
				BuildIndependentTargetsInParallel = 1;
				LastSwiftUpdateCheck = 1400;
				LastUpgradeCheck = 1400;
				TargetAttributes = {
					00EC889A28EF9A6B005AC9E7 = {
						CreatedOnToolsVersion = 14.0.1;
					};
				};
			};
			buildConfigurationList = 00EC889628EF9A6B005AC9E7 /* Build configuration list for PBXProject "productStore" */;
			compatibilityVersion = "Xcode 14.0";
			developmentRegion = en;
			hasScannedForEncodings = 0;
			knownRegions = (
				en,
				Base,
			);
			mainGroup = 00EC889228EF9A6B005AC9E7;
			productRefGroup = 00EC889C28EF9A6B005AC9E7 /* Products */;
			projectDirPath = "";
			projectRoot = "";
			targets = (
				00EC889A28EF9A6B005AC9E7 /* productStore */,
			);
		};
/* End PBXProject section */

/* Begin PBXResourcesBuildPhase section */
		00EC889928EF9A6B005AC9E7 /* Resources */ = {
			isa = PBXResourcesBuildPhase;
			buildActionMask = 2147483647;
			files = (
				00EC88AB28EF9A6C005AC9E7 /* LaunchScreen.storyboard in Resources */,
				00EC88BD28EFA724005AC9E7 /* ProductTableViewCell.xib in Resources */,
				00EC88A828EF9A6C005AC9E7 /* Assets.xcassets in Resources */,
				00EC88A628EF9A6B005AC9E7 /* Main.storyboard in Resources */,
			);
			runOnlyForDeploymentPostprocessing = 0;
		};
/* End PBXResourcesBuildPhase section */

/* Begin PBXSourcesBuildPhase section */
		00EC889728EF9A6B005AC9E7 /* Sources */ = {
			isa = PBXSourcesBuildPhase;
			buildActionMask = 2147483647;
			files = (
				009AA63328EFC351007BD56B /* ProductStoreViewModel.swift in Sources */,
				00EC88BC28EFA724005AC9E7 /* ProductTableViewCell.swift in Sources */,
				00EC88A328EF9A6B005AC9E7 /* ViewController.swift in Sources */,
				009AA62D28EFC1E3007BD56B /* Bindable.swift in Sources */,
				00EC88B928EF9BBF005AC9E7 /* ProductStoreModel.swift in Sources */,
				00EC889F28EF9A6B005AC9E7 /* AppDelegate.swift in Sources */,
				009AA62F28EFC20F007BD56B /* ServiceManager.swift in Sources */,
				00EC88A128EF9A6B005AC9E7 /* SceneDelegate.swift in Sources */,
			);
			runOnlyForDeploymentPostprocessing = 0;
		};
/* End PBXSourcesBuildPhase section */

/* Begin PBXVariantGroup section */
		00EC88A428EF9A6B005AC9E7 /* Main.storyboard */ = {
			isa = PBXVariantGroup;
			children = (
				00EC88A528EF9A6B005AC9E7 /* Base */,
			);
			name = Main.storyboard;
			sourceTree = "<group>";
		};
		00EC88A928EF9A6C005AC9E7 /* LaunchScreen.storyboard */ = {
			isa = PBXVariantGroup;
			children = (
				00EC88AA28EF9A6C005AC9E7 /* Base */,
			);
			name = LaunchScreen.storyboard;
			sourceTree = "<group>";
		};
/* End PBXVariantGroup section */

/* Begin XCBuildConfiguration section */
		00EC88AD28EF9A6C005AC9E7 /* Debug */ = {
			isa = XCBuildConfiguration;
			buildSettings = {
				ALWAYS_SEARCH_USER_PATHS = NO;
				CLANG_ANALYZER_NONNULL = YES;
				CLANG_ANALYZER_NUMBER_OBJECT_CONVERSION = YES_AGGRESSIVE;
				CLANG_CXX_LANGUAGE_STANDARD = "gnu++20";
				CLANG_ENABLE_MODULES = YES;
				CLANG_ENABLE_OBJC_ARC = YES;
				CLANG_ENABLE_OBJC_WEAK = YES;
				CLANG_WARN_BLOCK_CAPTURE_AUTORELEASING = YES;
				CLANG_WARN_BOOL_CONVERSION = YES;
				CLANG_WARN_COMMA = YES;
				CLANG_WARN_CONSTANT_CONVERSION = YES;
				CLANG_WARN_DEPRECATED_OBJC_IMPLEMENTATIONS = YES;
				CLANG_WARN_DIRECT_OBJC_ISA_USAGE = YES_ERROR;
				CLANG_WARN_DOCUMENTATION_COMMENTS = YES;
				CLANG_WARN_EMPTY_BODY = YES;
				CLANG_WARN_ENUM_CONVERSION = YES;
				CLANG_WARN_INFINITE_RECURSION = YES;
				CLANG_WARN_INT_CONVERSION = YES;
				CLANG_WARN_NON_LITERAL_NULL_CONVERSION = YES;
				CLANG_WARN_OBJC_IMPLICIT_RETAIN_SELF = YES;
				CLANG_WARN_OBJC_LITERAL_CONVERSION = YES;
				CLANG_WARN_OBJC_ROOT_CLASS = YES_ERROR;
				CLANG_WARN_QUOTED_INCLUDE_IN_FRAMEWORK_HEADER = YES;
				CLANG_WARN_RANGE_LOOP_ANALYSIS = YES;
				CLANG_WARN_STRICT_PROTOTYPES = YES;
				CLANG_WARN_SUSPICIOUS_MOVE = YES;
				CLANG_WARN_UNGUARDED_AVAILABILITY = YES_AGGRESSIVE;
				CLANG_WARN_UNREACHABLE_CODE = YES;
				CLANG_WARN__DUPLICATE_METHOD_MATCH = YES;
				COPY_PHASE_STRIP = NO;
				DEBUG_INFORMATION_FORMAT = dwarf;
				ENABLE_STRICT_OBJC_MSGSEND = YES;
				ENABLE_TESTABILITY = YES;
				GCC_C_LANGUAGE_STANDARD = gnu11;
				GCC_DYNAMIC_NO_PIC = NO;
				GCC_NO_COMMON_BLOCKS = YES;
				GCC_OPTIMIZATION_LEVEL = 0;
				GCC_PREPROCESSOR_DEFINITIONS = (
					"DEBUG=1",
					"$(inherited)",
				);
				GCC_WARN_64_TO_32_BIT_CONVERSION = YES;
				GCC_WARN_ABOUT_RETURN_TYPE = YES_ERROR;
				GCC_WARN_UNDECLARED_SELECTOR = YES;
				GCC_WARN_UNINITIALIZED_AUTOS = YES_AGGRESSIVE;
				GCC_WARN_UNUSED_FUNCTION = YES;
				GCC_WARN_UNUSED_VARIABLE = YES;
				IPHONEOS_DEPLOYMENT_TARGET = 16.0;
				MTL_ENABLE_DEBUG_INFO = INCLUDE_SOURCE;
				MTL_FAST_MATH = YES;
				ONLY_ACTIVE_ARCH = YES;
				SDKROOT = iphoneos;
				SWIFT_ACTIVE_COMPILATION_CONDITIONS = DEBUG;
				SWIFT_OPTIMIZATION_LEVEL = "-Onone";
			};
			name = Debug;
		};
		00EC88AE28EF9A6C005AC9E7 /* Release */ = {
			isa = XCBuildConfiguration;
			buildSettings = {
				ALWAYS_SEARCH_USER_PATHS = NO;
				CLANG_ANALYZER_NONNULL = YES;
				CLANG_ANALYZER_NUMBER_OBJECT_CONVERSION = YES_AGGRESSIVE;
				CLANG_CXX_LANGUAGE_STANDARD = "gnu++20";
				CLANG_ENABLE_MODULES = YES;
				CLANG_ENABLE_OBJC_ARC = YES;
				CLANG_ENABLE_OBJC_WEAK = YES;
				CLANG_WARN_BLOCK_CAPTURE_AUTORELEASING = YES;
				CLANG_WARN_BOOL_CONVERSION = YES;
				CLANG_WARN_COMMA = YES;
				CLANG_WARN_CONSTANT_CONVERSION = YES;
				CLANG_WARN_DEPRECATED_OBJC_IMPLEMENTATIONS = YES;
				CLANG_WARN_DIRECT_OBJC_ISA_USAGE = YES_ERROR;
				CLANG_WARN_DOCUMENTATION_COMMENTS = YES;
				CLANG_WARN_EMPTY_BODY = YES;
				CLANG_WARN_ENUM_CONVERSION = YES;
				CLANG_WARN_INFINITE_RECURSION = YES;
				CLANG_WARN_INT_CONVERSION = YES;
				CLANG_WARN_NON_LITERAL_NULL_CONVERSION = YES;
				CLANG_WARN_OBJC_IMPLICIT_RETAIN_SELF = YES;
				CLANG_WARN_OBJC_LITERAL_CONVERSION = YES;
				CLANG_WARN_OBJC_ROOT_CLASS = YES_ERROR;
				CLANG_WARN_QUOTED_INCLUDE_IN_FRAMEWORK_HEADER = YES;
				CLANG_WARN_RANGE_LOOP_ANALYSIS = YES;
				CLANG_WARN_STRICT_PROTOTYPES = YES;
				CLANG_WARN_SUSPICIOUS_MOVE = YES;
				CLANG_WARN_UNGUARDED_AVAILABILITY = YES_AGGRESSIVE;
				CLANG_WARN_UNREACHABLE_CODE = YES;
				CLANG_WARN__DUPLICATE_METHOD_MATCH = YES;
				COPY_PHASE_STRIP = NO;
				DEBUG_INFORMATION_FORMAT = "dwarf-with-dsym";
				ENABLE_NS_ASSERTIONS = NO;
				ENABLE_STRICT_OBJC_MSGSEND = YES;
				GCC_C_LANGUAGE_STANDARD = gnu11;
				GCC_NO_COMMON_BLOCKS = YES;
				GCC_WARN_64_TO_32_BIT_CONVERSION = YES;
				GCC_WARN_ABOUT_RETURN_TYPE = YES_ERROR;
				GCC_WARN_UNDECLARED_SELECTOR = YES;
				GCC_WARN_UNINITIALIZED_AUTOS = YES_AGGRESSIVE;
				GCC_WARN_UNUSED_FUNCTION = YES;
				GCC_WARN_UNUSED_VARIABLE = YES;
				IPHONEOS_DEPLOYMENT_TARGET = 16.0;
				MTL_ENABLE_DEBUG_INFO = NO;
				MTL_FAST_MATH = YES;
				SDKROOT = iphoneos;
				SWIFT_COMPILATION_MODE = wholemodule;
				SWIFT_OPTIMIZATION_LEVEL = "-O";
				VALIDATE_PRODUCT = YES;
			};
			name = Release;
		};
		00EC88B028EF9A6C005AC9E7 /* Debug */ = {
			isa = XCBuildConfiguration;
			buildSettings = {
				ASSETCATALOG_COMPILER_APPICON_NAME = AppIcon;
				ASSETCATALOG_COMPILER_GLOBAL_ACCENT_COLOR_NAME = AccentColor;
				CODE_SIGN_STYLE = Automatic;
				CURRENT_PROJECT_VERSION = 1;
				DEVELOPMENT_TEAM = B66B2DUQF9;
				GENERATE_INFOPLIST_FILE = YES;
				INFOPLIST_FILE = productStore/Info.plist;
				INFOPLIST_KEY_UIApplicationSupportsIndirectInputEvents = YES;
				INFOPLIST_KEY_UILaunchStoryboardName = LaunchScreen;
				INFOPLIST_KEY_UIMainStoryboardFile = Main;
				INFOPLIST_KEY_UISupportedInterfaceOrientations_iPad = "UIInterfaceOrientationPortrait UIInterfaceOrientationPortraitUpsideDown UIInterfaceOrientationLandscapeLeft UIInterfaceOrientationLandscapeRight";
				INFOPLIST_KEY_UISupportedInterfaceOrientations_iPhone = "UIInterfaceOrientationPortrait UIInterfaceOrientationLandscapeLeft UIInterfaceOrientationLandscapeRight";
				IPHONEOS_DEPLOYMENT_TARGET = 16.0;
				LD_RUNPATH_SEARCH_PATHS = (
					"$(inherited)",
					"@executable_path/Frameworks",
				);
				MARKETING_VERSION = 1.0;
				PRODUCT_BUNDLE_IDENTIFIER = com.Minerva.productStore;
				PRODUCT_NAME = "$(TARGET_NAME)";
				SWIFT_EMIT_LOC_STRINGS = YES;
				SWIFT_VERSION = 5.0;
				TARGETED_DEVICE_FAMILY = "1,2";
			};
			name = Debug;
		};
		00EC88B128EF9A6C005AC9E7 /* Release */ = {
			isa = XCBuildConfiguration;
			buildSettings = {
				ASSETCATALOG_COMPILER_APPICON_NAME = AppIcon;
				ASSETCATALOG_COMPILER_GLOBAL_ACCENT_COLOR_NAME = AccentColor;
				CODE_SIGN_STYLE = Automatic;
				CURRENT_PROJECT_VERSION = 1;
				DEVELOPMENT_TEAM = B66B2DUQF9;
				GENERATE_INFOPLIST_FILE = YES;
				INFOPLIST_FILE = productStore/Info.plist;
				INFOPLIST_KEY_UIApplicationSupportsIndirectInputEvents = YES;
				INFOPLIST_KEY_UILaunchStoryboardName = LaunchScreen;
				INFOPLIST_KEY_UIMainStoryboardFile = Main;
				INFOPLIST_KEY_UISupportedInterfaceOrientations_iPad = "UIInterfaceOrientationPortrait UIInterfaceOrientationPortraitUpsideDown UIInterfaceOrientationLandscapeLeft UIInterfaceOrientationLandscapeRight";
				INFOPLIST_KEY_UISupportedInterfaceOrientations_iPhone = "UIInterfaceOrientationPortrait UIInterfaceOrientationLandscapeLeft UIInterfaceOrientationLandscapeRight";
				IPHONEOS_DEPLOYMENT_TARGET = 16.0;
				LD_RUNPATH_SEARCH_PATHS = (
					"$(inherited)",
					"@executable_path/Frameworks",
				);
				MARKETING_VERSION = 1.0;
				PRODUCT_BUNDLE_IDENTIFIER = com.Minerva.productStore;
				PRODUCT_NAME = "$(TARGET_NAME)";
				SWIFT_EMIT_LOC_STRINGS = YES;
				SWIFT_VERSION = 5.0;
				TARGETED_DEVICE_FAMILY = "1,2";
			};
			name = Release;
		};
/* End XCBuildConfiguration section */

/* Begin XCConfigurationList section */
		00EC889628EF9A6B005AC9E7 /* Build configuration list for PBXProject "productStore" */ = {
			isa = XCConfigurationList;
			buildConfigurations = (
				00EC88AD28EF9A6C005AC9E7 /* Debug */,
				00EC88AE28EF9A6C005AC9E7 /* Release */,
			);
			defaultConfigurationIsVisible = 0;
			defaultConfigurationName = Release;
		};
		00EC88AF28EF9A6C005AC9E7 /* Build configuration list for PBXNativeTarget "productStore" */ = {
			isa = XCConfigurationList;
			buildConfigurations = (
				00EC88B028EF9A6C005AC9E7 /* Debug */,
				00EC88B128EF9A6C005AC9E7 /* Release */,
			);
			defaultConfigurationIsVisible = 0;
			defaultConfigurationName = Release;
		};
/* End XCConfigurationList section */
	};
	rootObject = 00EC889328EF9A6B005AC9E7 /* Project object */;
}
